<Solution>
  <Folder Name="/Solution Items/" />
  <Folder Name="/Solution Items/.config/">
    <File Path=".config\appsettings.Development.json" />
    <File Path=".config\appsettings.Test.json" />
  </Folder>
  <Project Path="Database\Database.csproj" Type="Classic C#" />
  <Project Path="Models\Models.csproj" Type="Classic C#" />
  <Project Path="Tests/Tests.csproj" Type="C#" />
  <Project Path="WebApi\WebApi.csproj" Type="C#" />
</Solution>